// !$*UTF8*$!
{
	archiveVersion = 1;
	classes = {
	};
	objectVersion = 77;
	objects = {

/* Begin PBXBuildFile section */
		0995DEA248B83F1BC6629A98 /* PhoneWatchBridge.swift in Sources */ = {isa = PBXBuildFile; fileRef = 3330D1E6C4190E3521A4D113 /* PhoneWatchBridge.swift */; };
		0D59A8E5992E431F411309EA /* VoiceRegistrationView.swift in Sources */ = {isa = PBXBuildFile; fileRef = 4C36B395DD3146292A46C5DE /* VoiceRegistrationView.swift */; };
		0F338BC7A3A4F79A706A5C1D /* SpatialHostView.swift in Sources */ = {isa = PBXBuildFile; fileRef = 590695601EFDC11022C82C8B /* SpatialHostView.swift */; };
		149D43FEEE9FBA11F7F1C4C4 /* CompanionRootView.swift in Sources */ = {isa = PBXBuildFile; fileRef = 62AB471DB02B21AF6F4411D0 /* CompanionRootView.swift */; };
		62002A8226C65BB39E9B6DB6 /* JARVISCompanionApp.swift in Sources */ = {isa = PBXBuildFile; fileRef = 8D5F3936EBAC01E391BC326D /* JARVISCompanionApp.swift */; };
		6CC486918148F3AAD89876F7 /* JARVISCompanionUI in Frameworks */ = {isa = PBXBuildFile; productRef = 8F4C7212DF460FFEA8455FFB /* JARVISCompanionUI */; };
		7561E4ACCC235DC22D987C62 /* JARVISWatchApp.swift in Sources */ = {isa = PBXBuildFile; fileRef = 33D773ADCB50896F2C022E09 /* JARVISWatchApp.swift */; };
		8D79AB67492277675941DD0D /* Assets.xcassets in Resources */ = {isa = PBXBuildFile; fileRef = C6983055642F180CBF5CE38A /* Assets.xcassets */; };
		8DEA04AF39CB1AB2D02A1F09 /* WatchRootView.swift in Sources */ = {isa = PBXBuildFile; fileRef = 4C17F079A342D0307F8338A4 /* WatchRootView.swift */; };
		903FABBC2777D4BA57D01EC4 /* ControlView.swift in Sources */ = {isa = PBXBuildFile; fileRef = C3018469DEACAD2F828B561E /* ControlView.swift */; };
		9462163410DC99E2B8A0A0BF /* JARVISCompanionCore in Frameworks */ = {isa = PBXBuildFile; productRef = C6B0A2CC2C78A9F3CB404F36 /* JARVISCompanionCore */; };
		94B14B035ED3046EF5F22B06 /* JARVISCompanionCore in Frameworks */ = {isa = PBXBuildFile; productRef = 4D34D5A17984BD77399C2DEC /* JARVISCompanionCore */; };
		A0E527C91997A33A5A205C52 /* CompanionAppState.swift in Sources */ = {isa = PBXBuildFile; fileRef = E43B0D90BB4BDA30D7692295 /* CompanionAppState.swift */; };
		EF71D574857672859DF77740 /* WatchBridge.swift in Sources */ = {isa = PBXBuildFile; fileRef = 2BFD39C44E992A354ED9EDB4 /* WatchBridge.swift */; };
/* End PBXBuildFile section */

/* Begin PBXFileReference section */
		01B45E30EE45ABBD7B140C49 /* JARVISCompanionApp.app */ = {isa = PBXFileReference; includeInIndex = 0; lastKnownFileType = wrapper.application; path = JARVISCompanionApp.app; sourceTree = BUILT_PRODUCTS_DIR; };
		2BFD39C44E992A354ED9EDB4 /* WatchBridge.swift */ = {isa = PBXFileReference; lastKnownFileType = sourcecode.swift; path = WatchBridge.swift; sourceTree = "<group>"; };
		3330D1E6C4190E3521A4D113 /* PhoneWatchBridge.swift */ = {isa = PBXFileReference; lastKnownFileType = sourcecode.swift; path = PhoneWatchBridge.swift; sourceTree = "<group>"; };
		33D773ADCB50896F2C022E09 /* JARVISWatchApp.swift */ = {isa = PBXFileReference; lastKnownFileType = sourcecode.swift; path = JARVISWatchApp.swift; sourceTree = "<group>"; };
		4C17F079A342D0307F8338A4 /* WatchRootView.swift */ = {isa = PBXFileReference; lastKnownFileType = sourcecode.swift; path = WatchRootView.swift; sourceTree = "<group>"; };
		4C36B395DD3146292A46C5DE /* VoiceRegistrationView.swift */ = {isa = PBXFileReference; lastKnownFileType = sourcecode.swift; path = VoiceRegistrationView.swift; sourceTree = "<group>"; };
		590695601EFDC11022C82C8B /* SpatialHostView.swift */ = {isa = PBXFileReference; lastKnownFileType = sourcecode.swift; path = SpatialHostView.swift; sourceTree = "<group>"; };
		62AB471DB02B21AF6F4411D0 /* CompanionRootView.swift */ = {isa = PBXFileReference; lastKnownFileType = sourcecode.swift; path = CompanionRootView.swift; sourceTree = "<group>"; };
		6561BC9F73F10D6AB49CE849 /* JARVISWatchApp.app */ = {isa = PBXFileReference; explicitFileType = wrapper.application; includeInIndex = 0; path = JARVISWatchApp.app; sourceTree = BUILT_PRODUCTS_DIR; };
		8D5F3936EBAC01E391BC326D /* JARVISCompanionApp.swift */ = {isa = PBXFileReference; lastKnownFileType = sourcecode.swift; path = JARVISCompanionApp.swift; sourceTree = "<group>"; };
		A039AA9F5DAA6D179282525B /* Info.plist */ = {isa = PBXFileReference; lastKnownFileType = text.plist; path = Info.plist; sourceTree = "<group>"; };
		B569709A356F7EB51EED3017 /* JARVISWatchApp.entitlements */ = {isa = PBXFileReference; lastKnownFileType = text.plist.entitlements; path = JARVISWatchApp.entitlements; sourceTree = "<group>"; };
		C3018469DEACAD2F828B561E /* ControlView.swift */ = {isa = PBXFileReference; lastKnownFileType = sourcecode.swift; path = ControlView.swift; sourceTree = "<group>"; };
		C6983055642F180CBF5CE38A /* Assets.xcassets */ = {isa = PBXFileReference; lastKnownFileType = folder.assetcatalog; path = Assets.xcassets; sourceTree = "<group>"; };
		D801D262D5AED3C7AB150D78 /* JARVISCompanionApp.entitlements */ = {isa = PBXFileReference; lastKnownFileType = text.plist.entitlements; path = JARVISCompanionApp.entitlements; sourceTree = "<group>"; };
		DA31437CD86D8F429F9E7331 /* Info.plist */ = {isa = PBXFileReference; lastKnownFileType = text.plist; path = Info.plist; sourceTree = "<group>"; };
		E43B0D90BB4BDA30D7692295 /* CompanionAppState.swift */ = {isa = PBXFileReference; lastKnownFileType = sourcecode.swift; path = CompanionAppState.swift; sourceTree = "<group>"; };
		EFC9B97112A37B0715C070FE /* apple_companion */ = {isa = PBXFileReference; lastKnownFileType = folder; name = apple_companion; path = ../apple_companion; sourceTree = SOURCE_ROOT; };
/* End PBXFileReference section */

/* Begin PBXFrameworksBuildPhase section */
		88C237418328611C08B17ADD /* Frameworks */ = {
			isa = PBXFrameworksBuildPhase;
			buildActionMask = 2147483647;
			files = (
				9462163410DC99E2B8A0A0BF /* JARVISCompanionCore in Frameworks */,
			);
			runOnlyForDeploymentPostprocessing = 0;
		};
		E681CF2E6891563886AB8F17 /* Frameworks */ = {
			isa = PBXFrameworksBuildPhase;
			buildActionMask = 2147483647;
			files = (
				94B14B035ED3046EF5F22B06 /* JARVISCompanionCore in Frameworks */,
				6CC486918148F3AAD89876F7 /* JARVISCompanionUI in Frameworks */,
			);
			runOnlyForDeploymentPostprocessing = 0;
		};
/* End PBXFrameworksBuildPhase section */

/* Begin PBXGroup section */
		0155A89C572A414D7D655BDD /* Packages */ = {
			isa = PBXGroup;
			children = (
				EFC9B97112A37B0715C070FE /* apple_companion */,
			);
			name = Packages;
			sourceTree = "<group>";
		};
		31BC0F13F31B2B398D68FF46 /* Products */ = {
			isa = PBXGroup;
			children = (
				01B45E30EE45ABBD7B140C49 /* JARVISCompanionApp.app */,
				6561BC9F73F10D6AB49CE849 /* JARVISWatchApp.app */,
			);
			name = Products;
			sourceTree = "<group>";
		};
		42061CFCA1DD304DE45C7210 /* JARVISCompanionApp */ = {
			isa = PBXGroup;
			children = (
				C6983055642F180CBF5CE38A /* Assets.xcassets */,
				E43B0D90BB4BDA30D7692295 /* CompanionAppState.swift */,
				62AB471DB02B21AF6F4411D0 /* CompanionRootView.swift */,
				C3018469DEACAD2F828B561E /* ControlView.swift */,
				DA31437CD86D8F429F9E7331 /* Info.plist */,
				D801D262D5AED3C7AB150D78 /* JARVISCompanionApp.entitlements */,
				8D5F3936EBAC01E391BC326D /* JARVISCompanionApp.swift */,
				3330D1E6C4190E3521A4D113 /* PhoneWatchBridge.swift */,
				590695601EFDC11022C82C8B /* SpatialHostView.swift */,
				4C36B395DD3146292A46C5DE /* VoiceRegistrationView.swift */,
			);
			path = JARVISCompanionApp;
			sourceTree = "<group>";
		};
		4A4B8F9D7CD664CC313D9AB9 /* JARVISWatchApp */ = {
			isa = PBXGroup;
			children = (
				A039AA9F5DAA6D179282525B /* Info.plist */,
				B569709A356F7EB51EED3017 /* JARVISWatchApp.entitlements */,
				33D773ADCB50896F2C022E09 /* JARVISWatchApp.swift */,
				2BFD39C44E992A354ED9EDB4 /* WatchBridge.swift */,
				4C17F079A342D0307F8338A4 /* WatchRootView.swift */,
			);
			path = JARVISWatchApp;
			sourceTree = "<group>";
		};
		5C8B9E58FC7713CC8B5F2E5B = {
			isa = PBXGroup;
			children = (
				42061CFCA1DD304DE45C7210 /* JARVISCompanionApp */,
				4A4B8F9D7CD664CC313D9AB9 /* JARVISWatchApp */,
				0155A89C572A414D7D655BDD /* Packages */,
				31BC0F13F31B2B398D68FF46 /* Products */,
			);
			sourceTree = "<group>";
		};
/* End PBXGroup section */

/* Begin PBXNativeTarget section */
		93856A8B60B9EEF9E54565D5 /* JARVISWatchApp */ = {
			isa = PBXNativeTarget;
			buildConfigurationList = 4DFB9D6B27CE8AB2E572120A /* Build configuration list for PBXNativeTarget "JARVISWatchApp" */;
			buildPhases = (
				ADEFD3D22631E2F56EAB234A /* Sources */,
				88C237418328611C08B17ADD /* Frameworks */,
			);
			buildRules = (
			);
			dependencies = (
			);
			name = JARVISWatchApp;
			packageProductDependencies = (
				C6B0A2CC2C78A9F3CB404F36 /* JARVISCompanionCore */,
			);
			productName = JARVISWatchApp;
			productReference = 6561BC9F73F10D6AB49CE849 /* JARVISWatchApp.app */;
			productType = "com.apple.product-type.application";
		};
		EB73562CE24954A34CD13C52 /* JARVISCompanionApp */ = {
			isa = PBXNativeTarget;
			buildConfigurationList = 237D0D4A21E6FDC8BDBBA1F3 /* Build configuration list for PBXNativeTarget "JARVISCompanionApp" */;
			buildPhases = (
				12F58AE1D1B9EFD0D33820CD /* Sources */,
				153556766D32E740DE79D4AF /* Resources */,
				E681CF2E6891563886AB8F17 /* Frameworks */,
			);
			buildRules = (
			);
			dependencies = (
			);
			name = JARVISCompanionApp;
			packageProductDependencies = (
				4D34D5A17984BD77399C2DEC /* JARVISCompanionCore */,
				8F4C7212DF460FFEA8455FFB /* JARVISCompanionUI */,
			);
			productName = JARVISCompanionApp;
			productReference = 01B45E30EE45ABBD7B140C49 /* JARVISCompanionApp.app */;
			productType = "com.apple.product-type.application";
		};
/* End PBXNativeTarget section */

/* Begin PBXProject section */
		D2F137895EC1089F7EA9EF89 /* Project object */ = {
			isa = PBXProject;
			attributes = {
				BuildIndependentTargetsInParallel = YES;
				LastUpgradeCheck = 1430;
				TargetAttributes = {
					93856A8B60B9EEF9E54565D5 = {
						DevelopmentTeam = T5AFHQ4L9C;
						ProvisioningStyle = Automatic;
					};
					EB73562CE24954A34CD13C52 = {
						DevelopmentTeam = T5AFHQ4L9C;
						ProvisioningStyle = Automatic;
					};
				};
			};
			buildConfigurationList = 151024D15747EFED333C282C /* Build configuration list for PBXProject "JARVISCompanionApps" */;
			developmentRegion = en;
			hasScannedForEncodings = 0;
			knownRegions = (
				Base,
				en,
			);
			mainGroup = 5C8B9E58FC7713CC8B5F2E5B;
			minimizedProjectReferenceProxies = 1;
			packageReferences = (
				79C22D9037CCD9632B392081 /* XCLocalSwiftPackageReference "../apple_companion" */,
			);
			preferredProjectObjectVersion = 77;
			productRefGroup = 31BC0F13F31B2B398D68FF46 /* Products */;
			projectDirPath = "";
			projectRoot = "";
			targets = (
				EB73562CE24954A34CD13C52 /* JARVISCompanionApp */,
				93856A8B60B9EEF9E54565D5 /* JARVISWatchApp */,
			);
		};
/* End PBXProject section */

/* Begin PBXResourcesBuildPhase section */
		153556766D32E740DE79D4AF /* Resources */ = {
			isa = PBXResourcesBuildPhase;
			buildActionMask = 2147483647;
			files = (
				8D79AB67492277675941DD0D /* Assets.xcassets in Resources */,
			);
			runOnlyForDeploymentPostprocessing = 0;
		};
/* End PBXResourcesBuildPhase section */

/* Begin PBXSourcesBuildPhase section */
		12F58AE1D1B9EFD0D33820CD /* Sources */ = {
			isa = PBXSourcesBuildPhase;
			buildActionMask = 2147483647;
			files = (
				A0E527C91997A33A5A205C52 /* CompanionAppState.swift in Sources */,
				149D43FEEE9FBA11F7F1C4C4 /* CompanionRootView.swift in Sources */,
				903FABBC2777D4BA57D01EC4 /* ControlView.swift in Sources */,
				62002A8226C65BB39E9B6DB6 /* JARVISCompanionApp.swift in Sources */,
				0995DEA248B83F1BC6629A98 /* PhoneWatchBridge.swift in Sources */,
				0F338BC7A3A4F79A706A5C1D /* SpatialHostView.swift in Sources */,
				0D59A8E5992E431F411309EA /* VoiceRegistrationView.swift in Sources */,
			);
			runOnlyForDeploymentPostprocessing = 0;
		};
		ADEFD3D22631E2F56EAB234A /* Sources */ = {
			isa = PBXSourcesBuildPhase;
			buildActionMask = 2147483647;
			files = (
				7561E4ACCC235DC22D987C62 /* JARVISWatchApp.swift in Sources */,
				EF71D574857672859DF77740 /* WatchBridge.swift in Sources */,
				8DEA04AF39CB1AB2D02A1F09 /* WatchRootView.swift in Sources */,
			);
			runOnlyForDeploymentPostprocessing = 0;
		};
/* End PBXSourcesBuildPhase section */

/* Begin XCBuildConfiguration section */
		3A9281D379E5B3C835B6B656 /* Debug */ = {
			isa = XCBuildConfiguration;
			buildSettings = {
				ASSETCATALOG_COMPILER_APPICON_NAME = AppIcon;
				CODE_SIGN_ENTITLEMENTS = JARVISWatchApp/JARVISWatchApp.entitlements;
				INFOPLIST_FILE = JARVISWatchApp/Info.plist;
				PRODUCT_BUNDLE_IDENTIFIER = ai.realjarvis.phone.watchkitapp;
				PRODUCT_NAME = "JARVIS Watch";
				SDKROOT = watchos;
				SKIP_INSTALL = YES;
				TARGETED_DEVICE_FAMILY = 4;
				WATCHOS_DEPLOYMENT_TARGET = 10.0;
			};
			name = Debug;
		};
		83D8C7E137F52C6AA613E00F /* Release */ = {
			isa = XCBuildConfiguration;
			buildSettings = {
				ASSETCATALOG_COMPILER_APPICON_NAME = AppIcon;
				CODE_SIGN_ENTITLEMENTS = JARVISCompanionApp/JARVISCompanionApp.entitlements;
				CODE_SIGN_IDENTITY = "iPhone Developer";
				INFOPLIST_FILE = JARVISCompanionApp/Info.plist;
				IPHONEOS_DEPLOYMENT_TARGET = 17.0;
				LD_RUNPATH_SEARCH_PATHS = (
					"$(inherited)",
					"@executable_path/Frameworks",
				);
				PRODUCT_BUNDLE_IDENTIFIER = ai.realjarvis.phone;
				PRODUCT_NAME = JARVIS;
				SDKROOT = iphoneos;
				TARGETED_DEVICE_FAMILY = "1,2";
			};
			name = Release;
		};
		8CD940CFB4D5EE80C6FB2FFE /* Debug */ = {
			isa = XCBuildConfiguration;
			buildSettings = {
				ALWAYS_SEARCH_USER_PATHS = NO;
				CLANG_ANALYZER_NONNULL = YES;
				CLANG_ANALYZER_NUMBER_OBJECT_CONVERSION = YES_AGGRESSIVE;
				CLANG_CXX_LANGUAGE_STANDARD = "gnu++14";
				CLANG_CXX_LIBRARY = "libc++";
				CLANG_ENABLE_MODULES = YES;
				CLANG_ENABLE_OBJC_ARC = YES;
				CLANG_ENABLE_OBJC_WEAK = YES;
				CLANG_WARN_BLOCK_CAPTURE_AUTORELEASING = YES;
				CLANG_WARN_BOOL_CONVERSION = YES;
				CLANG_WARN_COMMA = YES;
				CLANG_WARN_CONSTANT_CONVERSION = YES;
				CLANG_WARN_DEPRECATED_OBJC_IMPLEMENTATIONS = YES;
				CLANG_WARN_DIRECT_OBJC_ISA_USAGE = YES_ERROR;
				CLANG_WARN_DOCUMENTATION_COMMENTS = YES;
				CLANG_WARN_EMPTY_BODY = YES;
				CLANG_WARN_ENUM_CONVERSION = YES;
				CLANG_WARN_INFINITE_RECURSION = YES;
				CLANG_WARN_INT_CONVERSION = YES;
				CLANG_WARN_NON_LITERAL_NULL_CONVERSION = YES;
				CLANG_WARN_OBJC_IMPLICIT_RETAIN_SELF = YES;
				CLANG_WARN_OBJC_LITERAL_CONVERSION = YES;
				CLANG_WARN_OBJC_ROOT_CLASS = YES_ERROR;
				CLANG_WARN_QUOTED_INCLUDE_IN_FRAMEWORK_HEADER = YES;
				CLANG_WARN_RANGE_LOOP_ANALYSIS = YES;
				CLANG_WARN_STRICT_PROTOTYPES = YES;
				CLANG_WARN_SUSPICIOUS_MOVE = YES;
				CLANG_WARN_UNGUARDED_AVAILABILITY = YES_AGGRESSIVE;
				CLANG_WARN_UNREACHABLE_CODE = YES;
				CLANG_WARN__DUPLICATE_METHOD_MATCH = YES;
				CODE_SIGN_STYLE = Automatic;
				COPY_PHASE_STRIP = NO;
				CURRENT_PROJECT_VERSION = 4;
				DEBUG_INFORMATION_FORMAT = dwarf;
				DEVELOPMENT_TEAM = T5AFHQ4L9C;
				ENABLE_STRICT_OBJC_MSGSEND = YES;
				ENABLE_TESTABILITY = YES;
				GCC_C_LANGUAGE_STANDARD = gnu11;
				GCC_DYNAMIC_NO_PIC = NO;
				GCC_NO_COMMON_BLOCKS = YES;
				GCC_OPTIMIZATION_LEVEL = 0;
				GCC_PREPROCESSOR_DEFINITIONS = (
					"$(inherited)",
					"DEBUG=1",
				);
				GCC_WARN_64_TO_32_BIT_CONVERSION = YES;
				GCC_WARN_ABOUT_RETURN_TYPE = YES_ERROR;
				GCC_WARN_UNDECLARED_SELECTOR = YES;
				GCC_WARN_UNINITIALIZED_AUTOS = YES_AGGRESSIVE;
				GCC_WARN_UNUSED_FUNCTION = YES;
				GCC_WARN_UNUSED_VARIABLE = YES;
				IPHONEOS_DEPLOYMENT_TARGET = 17.0;
				MARKETING_VERSION = 1.0;
				MTL_ENABLE_DEBUG_INFO = INCLUDE_SOURCE;
				MTL_FAST_MATH = YES;
				ONLY_ACTIVE_ARCH = YES;
				PRODUCT_NAME = "$(TARGET_NAME)";
				SWIFT_ACTIVE_COMPILATION_CONDITIONS = DEBUG;
				SWIFT_OPTIMIZATION_LEVEL = "-Onone";
				SWIFT_VERSION = 6.0;
				WATCHOS_DEPLOYMENT_TARGET = 10.0;
			};
			name = Debug;
		};
		931AFE0629B9D9312DA90875 /* Debug */ = {
			isa = XCBuildConfiguration;
			buildSettings = {
				ASSETCATALOG_COMPILER_APPICON_NAME = AppIcon;
				CODE_SIGN_ENTITLEMENTS = JARVISCompanionApp/JARVISCompanionApp.entitlements;
				CODE_SIGN_IDENTITY = "iPhone Developer";
				INFOPLIST_FILE = JARVISCompanionApp/Info.plist;
				IPHONEOS_DEPLOYMENT_TARGET = 17.0;
				LD_RUNPATH_SEARCH_PATHS = (
					"$(inherited)",
					"@executable_path/Frameworks",
				);
				PRODUCT_BUNDLE_IDENTIFIER = ai.realjarvis.phone;
				PRODUCT_NAME = JARVIS;
				SDKROOT = iphoneos;
				TARGETED_DEVICE_FAMILY = "1,2";
			};
			name = Debug;
		};
		BEFCB5810544038A8B4055D5 /* Release */ = {
			isa = XCBuildConfiguration;
			buildSettings = {
				ALWAYS_SEARCH_USER_PATHS = NO;
				CLANG_ANALYZER_NONNULL = YES;
				CLANG_ANALYZER_NUMBER_OBJECT_CONVERSION = YES_AGGRESSIVE;
				CLANG_CXX_LANGUAGE_STANDARD = "gnu++14";
				CLANG_CXX_LIBRARY = "libc++";
				CLANG_ENABLE_MODULES = YES;
				CLANG_ENABLE_OBJC_ARC = YES;
				CLANG_ENABLE_OBJC_WEAK = YES;
				CLANG_WARN_BLOCK_CAPTURE_AUTORELEASING = YES;
				CLANG_WARN_BOOL_CONVERSION = YES;
				CLANG_WARN_COMMA = YES;
				CLANG_WARN_CONSTANT_CONVERSION = YES;
				CLANG_WARN_DEPRECATED_OBJC_IMPLEMENTATIONS = YES;
				CLANG_WARN_DIRECT_OBJC_ISA_USAGE = YES_ERROR;
				CLANG_WARN_DOCUMENTATION_COMMENTS = YES;
				CLANG_WARN_EMPTY_BODY = YES;
				CLANG_WARN_ENUM_CONVERSION = YES;
				CLANG_WARN_INFINITE_RECURSION = YES;
				CLANG_WARN_INT_CONVERSION = YES;
				CLANG_WARN_NON_LITERAL_NULL_CONVERSION = YES;
				CLANG_WARN_OBJC_IMPLICIT_RETAIN_SELF = YES;
				CLANG_WARN_OBJC_LITERAL_CONVERSION = YES;
				CLANG_WARN_OBJC_ROOT_CLASS = YES_ERROR;
				CLANG_WARN_QUOTED_INCLUDE_IN_FRAMEWORK_HEADER = YES;
				CLANG_WARN_RANGE_LOOP_ANALYSIS = YES;
				CLANG_WARN_STRICT_PROTOTYPES = YES;
				CLANG_WARN_SUSPICIOUS_MOVE = YES;
				CLANG_WARN_UNGUARDED_AVAILABILITY = YES_AGGRESSIVE;
				CLANG_WARN_UNREACHABLE_CODE = YES;
				CLANG_WARN__DUPLICATE_METHOD_MATCH = YES;
				CODE_SIGN_STYLE = Automatic;
				COPY_PHASE_STRIP = NO;
				CURRENT_PROJECT_VERSION = 4;
				DEBUG_INFORMATION_FORMAT = "dwarf-with-dsym";
				DEVELOPMENT_TEAM = T5AFHQ4L9C;
				ENABLE_NS_ASSERTIONS = NO;
				ENABLE_STRICT_OBJC_MSGSEND = YES;
				GCC_C_LANGUAGE_STANDARD = gnu11;
				GCC_NO_COMMON_BLOCKS = YES;
				GCC_WARN_64_TO_32_BIT_CONVERSION = YES;
				GCC_WARN_ABOUT_RETURN_TYPE = YES_ERROR;
				GCC_WARN_UNDECLARED_SELECTOR = YES;
				GCC_WARN_UNINITIALIZED_AUTOS = YES_AGGRESSIVE;
				GCC_WARN_UNUSED_FUNCTION = YES;
				GCC_WARN_UNUSED_VARIABLE = YES;
				IPHONEOS_DEPLOYMENT_TARGET = 17.0;
				MARKETING_VERSION = 1.0;
				MTL_ENABLE_DEBUG_INFO = NO;
				MTL_FAST_MATH = YES;
				PRODUCT_NAME = "$(TARGET_NAME)";
				SWIFT_COMPILATION_MODE = wholemodule;
				SWIFT_OPTIMIZATION_LEVEL = "-O";
				SWIFT_VERSION = 6.0;
				WATCHOS_DEPLOYMENT_TARGET = 10.0;
			};
			name = Release;
		};
		D7BBC778CC6EB0F35A0D953D /* Release */ = {
			isa = XCBuildConfiguration;
			buildSettings = {
				ASSETCATALOG_COMPILER_APPICON_NAME = AppIcon;
				CODE_SIGN_ENTITLEMENTS = JARVISWatchApp/JARVISWatchApp.entitlements;
				INFOPLIST_FILE = JARVISWatchApp/Info.plist;
				PRODUCT_BUNDLE_IDENTIFIER = ai.realjarvis.phone.watchkitapp;
				PRODUCT_NAME = "JARVIS Watch";
				SDKROOT = watchos;
				SKIP_INSTALL = YES;
				TARGETED_DEVICE_FAMILY = 4;
				WATCHOS_DEPLOYMENT_TARGET = 10.0;
			};
			name = Release;
		};
/* End XCBuildConfiguration section */

/* Begin XCConfigurationList section */
		151024D15747EFED333C282C /* Build configuration list for PBXProject "JARVISCompanionApps" */ = {
			isa = XCConfigurationList;
			buildConfigurations = (
				8CD940CFB4D5EE80C6FB2FFE /* Debug */,
				BEFCB5810544038A8B4055D5 /* Release */,
			);
			defaultConfigurationIsVisible = 0;
			defaultConfigurationName = Debug;
		};
		237D0D4A21E6FDC8BDBBA1F3 /* Build configuration list for PBXNativeTarget "JARVISCompanionApp" */ = {
			isa = XCConfigurationList;
			buildConfigurations = (
				931AFE0629B9D9312DA90875 /* Debug */,
				83D8C7E137F52C6AA613E00F /* Release */,
			);
			defaultConfigurationIsVisible = 0;
			defaultConfigurationName = Debug;
		};
		4DFB9D6B27CE8AB2E572120A /* Build configuration list for PBXNativeTarget "JARVISWatchApp" */ = {
			isa = XCConfigurationList;
			buildConfigurations = (
				3A9281D379E5B3C835B6B656 /* Debug */,
				D7BBC778CC6EB0F35A0D953D /* Release */,
			);
			defaultConfigurationIsVisible = 0;
			defaultConfigurationName = Debug;
		};
/* End XCConfigurationList section */

/* Begin XCLocalSwiftPackageReference section */
		79C22D9037CCD9632B392081 /* XCLocalSwiftPackageReference "../apple_companion" */ = {
			isa = XCLocalSwiftPackageReference;
			relativePath = ../apple_companion;
		};
/* End XCLocalSwiftPackageReference section */

/* Begin XCSwiftPackageProductDependency section */
		4D34D5A17984BD77399C2DEC /* JARVISCompanionCore */ = {
			isa = XCSwiftPackageProductDependency;
			productName = JARVISCompanionCore;
		};
		8F4C7212DF460FFEA8455FFB /* JARVISCompanionUI */ = {
			isa = XCSwiftPackageProductDependency;
			productName = JARVISCompanionUI;
		};
		C6B0A2CC2C78A9F3CB404F36 /* JARVISCompanionCore */ = {
			isa = XCSwiftPackageProductDependency;
			productName = JARVISCompanionCore;
		};
/* End XCSwiftPackageProductDependency section */
	};
	rootObject = D2F137895EC1089F7EA9EF89 /* Project object */;
}
